{
  "name": "website",
  "lockfileVersion": 2,
  "requires": true,
  "packages": {
    "": {
      "dependencies": {
        "@11ty/eleventy-navigation": "^0.3.3",
        "eleventy": "^1.0.6"
      }
    },
    "node_modules/@11ty/eleventy-navigation": {
      "version": "0.3.3",
      "resolved": "https://registry.npmjs.org/@11ty/eleventy-navigation/-/eleventy-navigation-0.3.3.tgz",
      "integrity": "sha512-O5C/NbDeTBnHQvDYZDr0Va6a7mEzifPUL1XRiqyKIAQqXZJsX/2K13PFLhX7t6kQRT1w6D0TSQyiT8skXbgWKA==",
      "dependencies": {
        "dependency-graph": "^0.11.0"
      },
      "funding": {
        "type": "opencollective",
        "url": "https://opencollective.com/11ty"
      }
    },
    "node_modules/dependency-graph": {
      "version": "0.11.0",
      "resolved": "https://registry.npmjs.org/dependency-graph/-/dependency-graph-0.11.0.tgz",
      "integrity": "sha512-JeMq7fEshyepOWDfcfHK06N3MhyPhz++vtqWhMT5O9A3K42rdsEDpfdVqjaqaAhsw6a+ZqeDvQVtD0hFHQWrzg==",
      "engines": {
        "node": ">= 0.6.0"
      }
    },
    "node_modules/eleventy": {
      "version": "1.0.6",
      "resolved": "https://registry.npmjs.org/eleventy/-/eleventy-1.0.6.tgz",
      "integrity": "sha512-IzaPK0P5eF/jm5qdOzrzq2947FFRKpZwHT8AR1WpGI4tTpkLnzwQF02p9m0o5XQQ4dypBExp69fUHViEiHUWpQ==",
      "hasInstallScript": true
    }
  },
  "dependencies": {
    "@11ty/eleventy-navigation": {
      "version": "0.3.3",
      "resolved": "https://registry.npmjs.org/@11ty/eleventy-navigation/-/eleventy-navigation-0.3.3.tgz",
      "integrity": "sha512-O5C/NbDeTBnHQvDYZDr0Va6a7mEzifPUL1XRiqyKIAQqXZJsX/2K13PFLhX7t6kQRT1w6D0TSQyiT8skXbgWKA==",
      "requires": {
        "dependency-graph": "^0.11.0"
      }
    },
    "dependency-graph": {
      "version": "0.11.0",
      "resolved": "https://registry.npmjs.org/dependency-graph/-/dependency-graph-0.11.0.tgz",
      "integrity": "sha512-JeMq7fEshyepOWDfcfHK06N3MhyPhz++vtqWhMT5O9A3K42rdsEDpfdVqjaqaAhsw6a+ZqeDvQVtD0hFHQWrzg=="
    },
    "eleventy": {
      "version": "1.0.6",
      "resolved": "https://registry.npmjs.org/eleventy/-/eleventy-1.0.6.tgz",
      "integrity": "sha512-IzaPK0P5eF/jm5qdOzrzq2947FFRKpZwHT8AR1WpGI4tTpkLnzwQF02p9m0o5XQQ4dypBExp69fUHViEiHUWpQ=="
    }
  }
}
