{
  "name": "website",
  "lockfileVersion": 2,
  "requires": true,
  "packages": {
    "": {
      "dependencies": {
        "@11ty/eleventy-navigation": "^0.3.3",
        "@11ty/eleventy-plugin-rss": "^1.1.2",
        "eleventy": "^1.0.6"
      }
    },
    "node_modules/@11ty/eleventy-navigation": {
      "version": "0.3.3",
      "resolved": "https://registry.npmjs.org/@11ty/eleventy-navigation/-/eleventy-navigation-0.3.3.tgz",
      "integrity": "sha512-O5C/NbDeTBnHQvDYZDr0Va6a7mEzifPUL1XRiqyKIAQqXZJsX/2K13PFLhX7t6kQRT1w6D0TSQyiT8skXbgWKA==",
      "dependencies": {
        "dependency-graph": "^0.11.0"
      },
      "funding": {
        "type": "opencollective",
        "url": "https://opencollective.com/11ty"
      }
    },
    "node_modules/@11ty/eleventy-plugin-rss": {
      "version": "1.1.2",
      "resolved": "https://registry.npmjs.org/@11ty/eleventy-plugin-rss/-/eleventy-plugin-rss-1.1.2.tgz",
      "integrity": "sha512-QdXMl29MzMtyMj9Y1lYijPX4vGMnBDo4Peyi4GCJznCO4+eryAZiyVYciLBCek893EXL3RLOuVSshYo+jvjZ0w==",
      "dependencies": {
        "debug": "^4.3.1",
        "posthtml": "^0.15.1",
        "posthtml-urls": "1.0.0"
      },
      "funding": {
        "type": "opencollective",
        "url": "https://opencollective.com/11ty"
      }
    },
    "node_modules/any-promise": {
      "version": "0.1.0",
      "resolved": "https://registry.npmjs.org/any-promise/-/any-promise-0.1.0.tgz",
      "integrity": "sha512-lqzY9o+BbeGHRCOyxQkt/Tgvz0IZhTmQiA+LxQW8wSNpcTbj8K+0cZiSEvbpNZZP9/11Gy7dnLO3GNWUXO4d1g=="
    },
    "node_modules/debug": {
      "version": "4.3.4",
      "resolved": "https://registry.npmjs.org/debug/-/debug-4.3.4.tgz",
      "integrity": "sha512-PRWFHuSU3eDtQJPvnNY7Jcket1j0t5OuOsFzPPzsekD52Zl8qUfFIPEiswXqIvHWGVHOgX+7G/vCNNhehwxfkQ==",
      "dependencies": {
        "ms": "2.1.2"
      },
      "engines": {
        "node": ">=6.0"
      },
      "peerDependenciesMeta": {
        "supports-color": {
          "optional": true
        }
      }
    },
    "node_modules/dependency-graph": {
      "version": "0.11.0",
      "resolved": "https://registry.npmjs.org/dependency-graph/-/dependency-graph-0.11.0.tgz",
      "integrity": "sha512-JeMq7fEshyepOWDfcfHK06N3MhyPhz++vtqWhMT5O9A3K42rdsEDpfdVqjaqaAhsw6a+ZqeDvQVtD0hFHQWrzg==",
      "engines": {
        "node": ">= 0.6.0"
      }
    },
    "node_modules/dom-serializer": {
      "version": "1.4.1",
      "resolved": "https://registry.npmjs.org/dom-serializer/-/dom-serializer-1.4.1.tgz",
      "integrity": "sha512-VHwB3KfrcOOkelEG2ZOfxqLZdfkil8PtJi4P8N2MMXucZq2yLp75ClViUlOVwyoHEDjYU433Aq+5zWP61+RGag==",
      "dependencies": {
        "domelementtype": "^2.0.1",
        "domhandler": "^4.2.0",
        "entities": "^2.0.0"
      },
      "funding": {
        "url": "https://github.com/cheeriojs/dom-serializer?sponsor=1"
      }
    },
    "node_modules/domelementtype": {
      "version": "2.3.0",
      "resolved": "https://registry.npmjs.org/domelementtype/-/domelementtype-2.3.0.tgz",
      "integrity": "sha512-OLETBj6w0OsagBwdXnPdN0cnMfF9opN69co+7ZrbfPGrdpPVNBUj02spi6B1N7wChLQiPn4CSH/zJvXw56gmHw==",
      "funding": [
        {
          "type": "github",
          "url": "https://github.com/sponsors/fb55"
        }
      ]
    },
    "node_modules/domhandler": {
      "version": "4.3.1",
      "resolved": "https://registry.npmjs.org/domhandler/-/domhandler-4.3.1.tgz",
      "integrity": "sha512-GrwoxYN+uWlzO8uhUXRl0P+kHE4GtVPfYzVLcUxPL7KNdHKj66vvlhiweIHqYYXWlw+T8iLMp42Lm67ghw4WMQ==",
      "dependencies": {
        "domelementtype": "^2.2.0"
      },
      "engines": {
        "node": ">= 4"
      },
      "funding": {
        "url": "https://github.com/fb55/domhandler?sponsor=1"
      }
    },
    "node_modules/domutils": {
      "version": "2.8.0",
      "resolved": "https://registry.npmjs.org/domutils/-/domutils-2.8.0.tgz",
      "integrity": "sha512-w96Cjofp72M5IIhpjgobBimYEfoPjx1Vx0BSX9P30WBdZW2WIKU0T1Bd0kz2eNZ9ikjKgHbEyKx8BB6H1L3h3A==",
      "dependencies": {
        "dom-serializer": "^1.0.1",
        "domelementtype": "^2.2.0",
        "domhandler": "^4.2.0"
      },
      "funding": {
        "url": "https://github.com/fb55/domutils?sponsor=1"
      }
    },
    "node_modules/eleventy": {
      "version": "1.0.6",
      "resolved": "https://registry.npmjs.org/eleventy/-/eleventy-1.0.6.tgz",
      "integrity": "sha512-IzaPK0P5eF/jm5qdOzrzq2947FFRKpZwHT8AR1WpGI4tTpkLnzwQF02p9m0o5XQQ4dypBExp69fUHViEiHUWpQ==",
      "hasInstallScript": true
    },
    "node_modules/entities": {
      "version": "2.2.0",
      "resolved": "https://registry.npmjs.org/entities/-/entities-2.2.0.tgz",
      "integrity": "sha512-p92if5Nz619I0w+akJrLZH0MX0Pb5DX39XOwQTtXSdQQOaYH03S1uIQp4mhOZtAXrxq4ViO67YTiLBo2638o9A==",
      "funding": {
        "url": "https://github.com/fb55/entities?sponsor=1"
      }
    },
    "node_modules/htmlparser2": {
      "version": "6.1.0",
      "resolved": "https://registry.npmjs.org/htmlparser2/-/htmlparser2-6.1.0.tgz",
      "integrity": "sha512-gyyPk6rgonLFEDGoeRgQNaEUvdJ4ktTmmUh/h2t7s+M8oPpIPxgNACWa+6ESR57kXstwqPiCut0V8NRpcwgU7A==",
      "funding": [
        "https://github.com/fb55/htmlparser2?sponsor=1",
        {
          "type": "github",
          "url": "https://github.com/sponsors/fb55"
        }
      ],
      "dependencies": {
        "domelementtype": "^2.0.1",
        "domhandler": "^4.0.0",
        "domutils": "^2.5.2",
        "entities": "^2.0.0"
      }
    },
    "node_modules/http-equiv-refresh": {
      "version": "1.0.0",
      "resolved": "https://registry.npmjs.org/http-equiv-refresh/-/http-equiv-refresh-1.0.0.tgz",
      "integrity": "sha1-jsU4hmBCvl8/evpzfRmNlL6xsHs=",
      "engines": {
        "node": ">= 0.10"
      }
    },
    "node_modules/list-to-array": {
      "version": "1.1.0",
      "resolved": "https://registry.npmjs.org/list-to-array/-/list-to-array-1.1.0.tgz",
      "integrity": "sha1-yn3/ZAYGQzysdcvoRGrNhksVv28="
    },
    "node_modules/ms": {
      "version": "2.1.2",
      "resolved": "https://registry.npmjs.org/ms/-/ms-2.1.2.tgz",
      "integrity": "sha512-sGkPx+VjMtmA6MX27oA4FBFELFCZZ4S4XqeGOXCv68tT+jb3vk/RyaKWP0PTKyWtmLSM0b+adUTEvbs1PEaH2w=="
    },
    "node_modules/parse-srcset": {
      "version": "1.0.2",
      "resolved": "https://registry.npmjs.org/parse-srcset/-/parse-srcset-1.0.2.tgz",
      "integrity": "sha1-8r0iH2zJcKk42IVWq8WJyqqiveE="
    },
    "node_modules/posthtml": {
      "version": "0.15.2",
      "resolved": "https://registry.npmjs.org/posthtml/-/posthtml-0.15.2.tgz",
      "integrity": "sha512-YugEJ5ze/0DLRIVBjCpDwANWL4pPj1kHJ/2llY8xuInr0nbkon3qTiMPe5LQa+cCwNjxS7nAZZTp+1M+6mT4Zg==",
      "dependencies": {
        "posthtml-parser": "^0.7.2",
        "posthtml-render": "^1.3.1"
      },
      "engines": {
        "node": ">=10.0.0"
      }
    },
    "node_modules/posthtml-parser": {
      "version": "0.7.2",
      "resolved": "https://registry.npmjs.org/posthtml-parser/-/posthtml-parser-0.7.2.tgz",
      "integrity": "sha512-LjEEG/3fNcWZtBfsOE3Gbyg1Li4CmsZRkH1UmbMR7nKdMXVMYI3B4/ZMiCpaq8aI1Aym4FRMMW9SAOLSwOnNsQ==",
      "dependencies": {
        "htmlparser2": "^6.0.0"
      },
      "engines": {
        "node": ">=10"
      }
    },
    "node_modules/posthtml-render": {
      "version": "1.4.0",
      "resolved": "https://registry.npmjs.org/posthtml-render/-/posthtml-render-1.4.0.tgz",
      "integrity": "sha512-W1779iVHGfq0Fvh2PROhCe2QhB8mEErgqzo1wpIt36tCgChafP+hbXIhLDOM8ePJrZcFs0vkNEtdibEWVqChqw==",
      "engines": {
        "node": ">=10"
      }
    },
    "node_modules/posthtml-urls": {
      "version": "1.0.0",
      "resolved": "https://registry.npmjs.org/posthtml-urls/-/posthtml-urls-1.0.0.tgz",
      "integrity": "sha512-CMJ0L009sGQVUuYM/g6WJdscsq6ooAwhUuF6CDlYPMLxKp2rmCYVebEU+wZGxnQstGJhZPMvXsRhtqekILd5/w==",
      "dependencies": {
        "http-equiv-refresh": "^1.0.0",
        "list-to-array": "^1.1.0",
        "parse-srcset": "^1.0.2",
        "promise-each": "^2.2.0"
      },
      "engines": {
        "node": ">= 4"
      }
    },
    "node_modules/promise-each": {
      "version": "2.2.0",
      "resolved": "https://registry.npmjs.org/promise-each/-/promise-each-2.2.0.tgz",
      "integrity": "sha1-M1MXTv8mlEgQN+BOAfd6oPttG2A=",
      "dependencies": {
        "any-promise": "^0.1.0"
      }
    }
  },
  "dependencies": {
    "@11ty/eleventy-navigation": {
      "version": "0.3.3",
      "resolved": "https://registry.npmjs.org/@11ty/eleventy-navigation/-/eleventy-navigation-0.3.3.tgz",
      "integrity": "sha512-O5C/NbDeTBnHQvDYZDr0Va6a7mEzifPUL1XRiqyKIAQqXZJsX/2K13PFLhX7t6kQRT1w6D0TSQyiT8skXbgWKA==",
      "requires": {
        "dependency-graph": "^0.11.0"
      }
    },
    "@11ty/eleventy-plugin-rss": {
      "version": "1.1.2",
      "resolved": "https://registry.npmjs.org/@11ty/eleventy-plugin-rss/-/eleventy-plugin-rss-1.1.2.tgz",
      "integrity": "sha512-QdXMl29MzMtyMj9Y1lYijPX4vGMnBDo4Peyi4GCJznCO4+eryAZiyVYciLBCek893EXL3RLOuVSshYo+jvjZ0w==",
      "requires": {
        "debug": "^4.3.1",
        "posthtml": "^0.15.1",
        "posthtml-urls": "1.0.0"
      }
    },
    "any-promise": {
      "version": "0.1.0",
      "resolved": "https://registry.npmjs.org/any-promise/-/any-promise-0.1.0.tgz",
      "integrity": "sha512-lqzY9o+BbeGHRCOyxQkt/Tgvz0IZhTmQiA+LxQW8wSNpcTbj8K+0cZiSEvbpNZZP9/11Gy7dnLO3GNWUXO4d1g=="
    },
    "debug": {
      "version": "4.3.4",
      "resolved": "https://registry.npmjs.org/debug/-/debug-4.3.4.tgz",
      "integrity": "sha512-PRWFHuSU3eDtQJPvnNY7Jcket1j0t5OuOsFzPPzsekD52Zl8qUfFIPEiswXqIvHWGVHOgX+7G/vCNNhehwxfkQ==",
      "requires": {
        "ms": "2.1.2"
      }
    },
    "dependency-graph": {
      "version": "0.11.0",
      "resolved": "https://registry.npmjs.org/dependency-graph/-/dependency-graph-0.11.0.tgz",
      "integrity": "sha512-JeMq7fEshyepOWDfcfHK06N3MhyPhz++vtqWhMT5O9A3K42rdsEDpfdVqjaqaAhsw6a+ZqeDvQVtD0hFHQWrzg=="
    },
    "dom-serializer": {
      "version": "1.4.1",
      "resolved": "https://registry.npmjs.org/dom-serializer/-/dom-serializer-1.4.1.tgz",
      "integrity": "sha512-VHwB3KfrcOOkelEG2ZOfxqLZdfkil8PtJi4P8N2MMXucZq2yLp75ClViUlOVwyoHEDjYU433Aq+5zWP61+RGag==",
      "requires": {
        "domelementtype": "^2.0.1",
        "domhandler": "^4.2.0",
        "entities": "^2.0.0"
      }
    },
    "domelementtype": {
      "version": "2.3.0",
      "resolved": "https://registry.npmjs.org/domelementtype/-/domelementtype-2.3.0.tgz",
      "integrity": "sha512-OLETBj6w0OsagBwdXnPdN0cnMfF9opN69co+7ZrbfPGrdpPVNBUj02spi6B1N7wChLQiPn4CSH/zJvXw56gmHw=="
    },
    "domhandler": {
      "version": "4.3.1",
      "resolved": "https://registry.npmjs.org/domhandler/-/domhandler-4.3.1.tgz",
      "integrity": "sha512-GrwoxYN+uWlzO8uhUXRl0P+kHE4GtVPfYzVLcUxPL7KNdHKj66vvlhiweIHqYYXWlw+T8iLMp42Lm67ghw4WMQ==",
      "requires": {
        "domelementtype": "^2.2.0"
      }
    },
    "domutils": {
      "version": "2.8.0",
      "resolved": "https://registry.npmjs.org/domutils/-/domutils-2.8.0.tgz",
      "integrity": "sha512-w96Cjofp72M5IIhpjgobBimYEfoPjx1Vx0BSX9P30WBdZW2WIKU0T1Bd0kz2eNZ9ikjKgHbEyKx8BB6H1L3h3A==",
      "requires": {
        "dom-serializer": "^1.0.1",
        "domelementtype": "^2.2.0",
        "domhandler": "^4.2.0"
      }
    },
    "eleventy": {
      "version": "1.0.6",
      "resolved": "https://registry.npmjs.org/eleventy/-/eleventy-1.0.6.tgz",
      "integrity": "sha512-IzaPK0P5eF/jm5qdOzrzq2947FFRKpZwHT8AR1WpGI4tTpkLnzwQF02p9m0o5XQQ4dypBExp69fUHViEiHUWpQ=="
    },
    "entities": {
      "version": "2.2.0",
      "resolved": "https://registry.npmjs.org/entities/-/entities-2.2.0.tgz",
      "integrity": "sha512-p92if5Nz619I0w+akJrLZH0MX0Pb5DX39XOwQTtXSdQQOaYH03S1uIQp4mhOZtAXrxq4ViO67YTiLBo2638o9A=="
    },
    "htmlparser2": {
      "version": "6.1.0",
      "resolved": "https://registry.npmjs.org/htmlparser2/-/htmlparser2-6.1.0.tgz",
      "integrity": "sha512-gyyPk6rgonLFEDGoeRgQNaEUvdJ4ktTmmUh/h2t7s+M8oPpIPxgNACWa+6ESR57kXstwqPiCut0V8NRpcwgU7A==",
      "requires": {
        "domelementtype": "^2.0.1",
        "domhandler": "^4.0.0",
        "domutils": "^2.5.2",
        "entities": "^2.0.0"
      }
    },
    "http-equiv-refresh": {
      "version": "1.0.0",
      "resolved": "https://registry.npmjs.org/http-equiv-refresh/-/http-equiv-refresh-1.0.0.tgz",
      "integrity": "sha1-jsU4hmBCvl8/evpzfRmNlL6xsHs="
    },
    "list-to-array": {
      "version": "1.1.0",
      "resolved": "https://registry.npmjs.org/list-to-array/-/list-to-array-1.1.0.tgz",
      "integrity": "sha1-yn3/ZAYGQzysdcvoRGrNhksVv28="
    },
    "ms": {
      "version": "2.1.2",
      "resolved": "https://registry.npmjs.org/ms/-/ms-2.1.2.tgz",
      "integrity": "sha512-sGkPx+VjMtmA6MX27oA4FBFELFCZZ4S4XqeGOXCv68tT+jb3vk/RyaKWP0PTKyWtmLSM0b+adUTEvbs1PEaH2w=="
    },
    "parse-srcset": {
      "version": "1.0.2",
      "resolved": "https://registry.npmjs.org/parse-srcset/-/parse-srcset-1.0.2.tgz",
      "integrity": "sha1-8r0iH2zJcKk42IVWq8WJyqqiveE="
    },
    "posthtml": {
      "version": "0.15.2",
      "resolved": "https://registry.npmjs.org/posthtml/-/posthtml-0.15.2.tgz",
      "integrity": "sha512-YugEJ5ze/0DLRIVBjCpDwANWL4pPj1kHJ/2llY8xuInr0nbkon3qTiMPe5LQa+cCwNjxS7nAZZTp+1M+6mT4Zg==",
      "requires": {
        "posthtml-parser": "^0.7.2",
        "posthtml-render": "^1.3.1"
      }
    },
    "posthtml-parser": {
      "version": "0.7.2",
      "resolved": "https://registry.npmjs.org/posthtml-parser/-/posthtml-parser-0.7.2.tgz",
      "integrity": "sha512-LjEEG/3fNcWZtBfsOE3Gbyg1Li4CmsZRkH1UmbMR7nKdMXVMYI3B4/ZMiCpaq8aI1Aym4FRMMW9SAOLSwOnNsQ==",
      "requires": {
        "htmlparser2": "^6.0.0"
      }
    },
    "posthtml-render": {
      "version": "1.4.0",
      "resolved": "https://registry.npmjs.org/posthtml-render/-/posthtml-render-1.4.0.tgz",
      "integrity": "sha512-W1779iVHGfq0Fvh2PROhCe2QhB8mEErgqzo1wpIt36tCgChafP+hbXIhLDOM8ePJrZcFs0vkNEtdibEWVqChqw=="
    },
    "posthtml-urls": {
      "version": "1.0.0",
      "resolved": "https://registry.npmjs.org/posthtml-urls/-/posthtml-urls-1.0.0.tgz",
      "integrity": "sha512-CMJ0L009sGQVUuYM/g6WJdscsq6ooAwhUuF6CDlYPMLxKp2rmCYVebEU+wZGxnQstGJhZPMvXsRhtqekILd5/w==",
      "requires": {
        "http-equiv-refresh": "^1.0.0",
        "list-to-array": "^1.1.0",
        "parse-srcset": "^1.0.2",
        "promise-each": "^2.2.0"
      }
    },
    "promise-each": {
      "version": "2.2.0",
      "resolved": "https://registry.npmjs.org/promise-each/-/promise-each-2.2.0.tgz",
      "integrity": "sha1-M1MXTv8mlEgQN+BOAfd6oPttG2A=",
      "requires": {
        "any-promise": "^0.1.0"
      }
    }
  }
}
